<?xml version="1.0" encoding="utf-8"?>
<Project ToolsVersion="4.0" xmlns="http://schemas.microsoft.com/developer/msbuild/2003">
  <ItemGroup>
    <Filter Include="Header Files">
      <UniqueIdentifier>{93995380-89BD-4b04-88EB-625FBE52EBFB}</UniqueIdentifier>
      <Extensions>h;hh;hpp;hxx;h++;hm;inl;inc;ipp;xsd</Extensions>
    </Filter>
  </ItemGroup>
  <ItemGroup>
    <ClInclude Include="include\lohmann\json.hpp">
      <Filter>Header Files</Filter>
    </ClInclude>
    <ClInclude Include="include\curl\include\curl\curl.h">
      <Filter>Header Files</Filter>
    </ClInclude>
    <ClInclude Include="include\Euroscope\EuroScopePlugIn.h">
      <Filter>Header Files</Filter>
    </ClInclude>
    <ClInclude Include="SlotHel\constants.h">
      <Filter>Header Files</Filter>
    </ClInclude>
    <ClInclude Include="SlotHel\CSlotHel.h">
      <Filter>Header Files</Filter>
    </ClInclude>
    <ClInclude Include="SlotHel\framework.h">
      <Filter>Header Files</Filter>
    </ClInclude>
    <ClInclude Include="SlotHel\helpers.h">
      <Filter>Header Files</Filter>
    </ClInclude>
    <ClInclude Include="SlotHel\pch.h">
      <Filter>Header Files</Filter>
    </ClInclude>
    <ClInclude Include="SlotHel\resource.h">
      <Filter>Header Files</Filter>
    </ClInclude>
    <ClInclude Include="SlotHel\SlotHel.h">
      <Filter>Header Files</Filter>
    </ClInclude>
    <ClInclude Include="SlotHel\targetver.h">
      <Filter>Header Files</Filter>
    </ClInclude>
  </ItemGroup>
  <ItemGroup>
    <ClCompile Include="SlotHel\CSlotHel.cpp" />
    <ClCompile Include="SlotHel\DownloadJson.cpp" />
    <ClCompile Include="SlotHel\helpers.cpp" />
    <ClCompile Include="SlotHel\pch.cpp" />
    <ClCompile Include="SlotHel\SlotHel.cpp" />
  </ItemGroup>
  <ItemGroup>
    <Text Include="urlSources.txt" />
  </ItemGroup>
  <ItemGroup>
    <ResourceCompile Include="res\SlotHel.rc" />
  </ItemGroup>
  <ItemGroup>
    <None Include="README.md" />
    <None Include=".gitignore" />
    <None Include=".gitattributes" />
  </ItemGroup>
</Project>